
Microsoft Visual Studio Solution File, Format Version 12.00
# Visual Studio Version 17
VisualStudioVersion = 17.1.31911.260
MinimumVisualStudioVersion = 10.0.40219.1
Project("{FAE04EC0-301F-11D3-BF4B-00C04F79EFBC}") = "Linked-List", "Linked-List.csproj", "{98992E53-3284-43EF-806F-CA71FF97DF74}"
EndProject
Global
	GlobalSection(SolutionConfigurationPlatforms) = preSolution
		Debug|Any CPU = Debug|Any CPU
		Release|Any CPU = Release|Any CPU
	EndGlobalSection
	GlobalSection(ProjectConfigurationPlatforms) = postSolution
		{98992E53-3284-43EF-806F-CA71FF97DF74}.Debug|Any CPU.ActiveCfg = Debug|Any CPU
		{98992E53-3284-43EF-806F-CA71FF97DF74}.Debug|Any CPU.Build.0 = Debug|Any CPU
		{98992E53-3284-43EF-806F-CA71FF97DF74}.Release|Any CPU.ActiveCfg = Release|Any CPU
		{98992E53-3284-43EF-806F-CA71FF97DF74}.Release|Any CPU.Build.0 = Release|Any CPU
	EndGlobalSection
	GlobalSection(SolutionProperties) = preSolution
		HideSolutionNode = FALSE
	EndGlobalSection
	GlobalSection(ExtensibilityGlobals) = postSolution
		SolutionGuid = {623B2BE9-3DA8-4BCB-9D83-6599558E819A}
	EndGlobalSection
EndGlobal
