
Microsoft Visual Studio Solution File, Format Version 12.00
# Visual Studio Version 17
VisualStudioVersion = 17.1.31911.260
MinimumVisualStudioVersion = 10.0.40219.1
Project("{FAE04EC0-301F-11D3-BF4B-00C04F79EFBC}") = "Stack-Problems", "Stack-Problems.csproj", "{9A72278F-ABA9-4A57-8E0A-86DB2ECBD3F4}"
EndProject
Global
	GlobalSection(SolutionConfigurationPlatforms) = preSolution
		Debug|Any CPU = Debug|Any CPU
		Release|Any CPU = Release|Any CPU
	EndGlobalSection
	GlobalSection(ProjectConfigurationPlatforms) = postSolution
		{9A72278F-ABA9-4A57-8E0A-86DB2ECBD3F4}.Debug|Any CPU.ActiveCfg = Debug|Any CPU
		{9A72278F-ABA9-4A57-8E0A-86DB2ECBD3F4}.Debug|Any CPU.Build.0 = Debug|Any CPU
		{9A72278F-ABA9-4A57-8E0A-86DB2ECBD3F4}.Release|Any CPU.ActiveCfg = Release|Any CPU
		{9A72278F-ABA9-4A57-8E0A-86DB2ECBD3F4}.Release|Any CPU.Build.0 = Release|Any CPU
	EndGlobalSection
	GlobalSection(SolutionProperties) = preSolution
		HideSolutionNode = FALSE
	EndGlobalSection
	GlobalSection(ExtensibilityGlobals) = postSolution
		SolutionGuid = {70B76FF9-D5B1-4615-A4EE-17B0042CBD7F}
	EndGlobalSection
EndGlobal
